
Microsoft Visual Studio Solution File, Format Version 12.00
# Visual Studio Version 17
VisualStudioVersion = 17.4.33122.133
MinimumVisualStudioVersion = 10.0.40219.1
Project("{FAE04EC0-301F-11D3-BF4B-00C04F79EFBC}") = "ereditarycode.console", "ereditarycode.console.csproj", "{B08A0656-563D-4A63-B5CE-23F0F935C48A}"
EndProject
Global
	GlobalSection(SolutionConfigurationPlatforms) = preSolution
		Debug|Any CPU = Debug|Any CPU
		Release|Any CPU = Release|Any CPU
	EndGlobalSection
	GlobalSection(ProjectConfigurationPlatforms) = postSolution
		{B08A0656-563D-4A63-B5CE-23F0F935C48A}.Debug|Any CPU.ActiveCfg = Debug|Any CPU
		{B08A0656-563D-4A63-B5CE-23F0F935C48A}.Debug|Any CPU.Build.0 = Debug|Any CPU
		{B08A0656-563D-4A63-B5CE-23F0F935C48A}.Release|Any CPU.ActiveCfg = Release|Any CPU
		{B08A0656-563D-4A63-B5CE-23F0F935C48A}.Release|Any CPU.Build.0 = Release|Any CPU
	EndGlobalSection
	GlobalSection(SolutionProperties) = preSolution
		HideSolutionNode = FALSE
	EndGlobalSection
	GlobalSection(ExtensibilityGlobals) = postSolution
		SolutionGuid = {3F92FCD4-7828-46B9-9EDA-81E26D880C89}
	EndGlobalSection
EndGlobal
